
Microsoft Visual Studio Solution File, Format Version 12.00
# Visual Studio Version 16
VisualStudioVersion = 16.0.28917.181
MinimumVisualStudioVersion = 10.0.40219.1
Project("{FAE04EC0-301F-11D3-BF4B-00C04F79EFBC}") = "ReflectionDemo", "ReflectionDemo\ReflectionDemo.csproj", "{E817B8A2-BA98-4C45-9556-8338D3C43057}"
EndProject
Project("{FAE04EC0-301F-11D3-BF4B-00C04F79EFBC}") = "Test", "Test\Test.csproj", "{C120B200-1C1A-4856-8624-62EDADAD9EA8}"
EndProject
Project("{FAE04EC0-301F-11D3-BF4B-00C04F79EFBC}") = "RentACar", "RentACar\RentACar.csproj", "{8EB6D761-EB77-4030-97F6-B6D85A58FD96}"
EndProject
Global
	GlobalSection(SolutionConfigurationPlatforms) = preSolution
		Debug|Any CPU = Debug|Any CPU
		Release|Any CPU = Release|Any CPU
	EndGlobalSection
	GlobalSection(ProjectConfigurationPlatforms) = postSolution
		{E817B8A2-BA98-4C45-9556-8338D3C43057}.Debug|Any CPU.ActiveCfg = Debug|Any CPU
		{E817B8A2-BA98-4C45-9556-8338D3C43057}.Debug|Any CPU.Build.0 = Debug|Any CPU
		{E817B8A2-BA98-4C45-9556-8338D3C43057}.Release|Any CPU.ActiveCfg = Release|Any CPU
		{E817B8A2-BA98-4C45-9556-8338D3C43057}.Release|Any CPU.Build.0 = Release|Any CPU
		{C120B200-1C1A-4856-8624-62EDADAD9EA8}.Debug|Any CPU.ActiveCfg = Debug|Any CPU
		{C120B200-1C1A-4856-8624-62EDADAD9EA8}.Debug|Any CPU.Build.0 = Debug|Any CPU
		{C120B200-1C1A-4856-8624-62EDADAD9EA8}.Release|Any CPU.ActiveCfg = Release|Any CPU
		{C120B200-1C1A-4856-8624-62EDADAD9EA8}.Release|Any CPU.Build.0 = Release|Any CPU
		{8EB6D761-EB77-4030-97F6-B6D85A58FD96}.Debug|Any CPU.ActiveCfg = Debug|Any CPU
		{8EB6D761-EB77-4030-97F6-B6D85A58FD96}.Debug|Any CPU.Build.0 = Debug|Any CPU
		{8EB6D761-EB77-4030-97F6-B6D85A58FD96}.Release|Any CPU.ActiveCfg = Release|Any CPU
		{8EB6D761-EB77-4030-97F6-B6D85A58FD96}.Release|Any CPU.Build.0 = Release|Any CPU
	EndGlobalSection
	GlobalSection(SolutionProperties) = preSolution
		HideSolutionNode = FALSE
	EndGlobalSection
	GlobalSection(ExtensibilityGlobals) = postSolution
		SolutionGuid = {4BC510CA-8DA0-422C-84F7-1B06B6E0AE3E}
	EndGlobalSection
EndGlobal
